
Microsoft Visual Studio Solution File, Format Version 12.00
# Visual Studio Version 16
VisualStudioVersion = 16.0.32228.343
MinimumVisualStudioVersion = 10.0.40219.1
Project("{9A19103F-16F7-4668-BE54-9A1E7A4F7556}") = "Program", "Program\Program.csproj", "{C72E353B-F72F-4AB9-9AF4-C041F3962A9E}"
EndProject
Project("{2150E333-8FDC-42A3-9474-1A3956D46DE8}") = "Solution Items", "Solution Items", "{0EFB0F1C-F58B-41C2-8D02-2B767883B071}"
	ProjectSection(SolutionItems) = preProject
		README.md = README.md
	EndProjectSection
EndProject
Global
	GlobalSection(SolutionConfigurationPlatforms) = preSolution
		Debug|Any CPU = Debug|Any CPU
		Release|Any CPU = Release|Any CPU
	EndGlobalSection
	GlobalSection(ProjectConfigurationPlatforms) = postSolution
		{C72E353B-F72F-4AB9-9AF4-C041F3962A9E}.Debug|Any CPU.ActiveCfg = Debug|Any CPU
		{C72E353B-F72F-4AB9-9AF4-C041F3962A9E}.Debug|Any CPU.Build.0 = Debug|Any CPU
		{C72E353B-F72F-4AB9-9AF4-C041F3962A9E}.Release|Any CPU.ActiveCfg = Release|Any CPU
		{C72E353B-F72F-4AB9-9AF4-C041F3962A9E}.Release|Any CPU.Build.0 = Release|Any CPU
	EndGlobalSection
	GlobalSection(SolutionProperties) = preSolution
		HideSolutionNode = FALSE
	EndGlobalSection
	GlobalSection(ExtensibilityGlobals) = postSolution
		SolutionGuid = {946D0F8F-4BAC-496A-A9D7-4C3B4B8E4C0C}
	EndGlobalSection
EndGlobal
